
Microsoft Visual Studio Solution File, Format Version 12.00
# Visual Studio 15
VisualStudioVersion = 15.0.28307.136
MinimumVisualStudioVersion = 10.0.40219.1
Project("{FAE04EC0-301F-11D3-BF4B-00C04F79EFBC}") = "AracKiralama", "AracKiralama\AracKiralama.csproj", "{999111FE-93EB-48C0-A3BE-F79DCF50C548}"
EndProject
Global
	GlobalSection(SolutionConfigurationPlatforms) = preSolution
		Debug|Any CPU = Debug|Any CPU
		Release|Any CPU = Release|Any CPU
	EndGlobalSection
	GlobalSection(ProjectConfigurationPlatforms) = postSolution
		{999111FE-93EB-48C0-A3BE-F79DCF50C548}.Debug|Any CPU.ActiveCfg = Debug|Any CPU
		{999111FE-93EB-48C0-A3BE-F79DCF50C548}.Debug|Any CPU.Build.0 = Debug|Any CPU
		{999111FE-93EB-48C0-A3BE-F79DCF50C548}.Release|Any CPU.ActiveCfg = Release|Any CPU
		{999111FE-93EB-48C0-A3BE-F79DCF50C548}.Release|Any CPU.Build.0 = Release|Any CPU
	EndGlobalSection
	GlobalSection(SolutionProperties) = preSolution
		HideSolutionNode = FALSE
	EndGlobalSection
	GlobalSection(ExtensibilityGlobals) = postSolution
		SolutionGuid = {37230153-E3EB-4FDC-9CCF-80039F10257C}
	EndGlobalSection
EndGlobal
